
Microsoft Visual Studio Solution File, Format Version 12.00
# Visual Studio 15
VisualStudioVersion = 15.0.27703.2026
MinimumVisualStudioVersion = 10.0.40219.1
Project("{FAE04EC0-301F-11D3-BF4B-00C04F79EFBC}") = "Lab10", "Lab10\Lab10.csproj", "{6E0DCF2D-524A-42EE-949E-D01279842E38}"
EndProject
Project("{FAE04EC0-301F-11D3-BF4B-00C04F79EFBC}") = "Lab11", "Lab11\Lab11.csproj", "{44C9E22A-5FE7-48B7-922E-D2E841352429}"
EndProject
Global
	GlobalSection(SolutionConfigurationPlatforms) = preSolution
		Debug|Any CPU = Debug|Any CPU
		Release|Any CPU = Release|Any CPU
	EndGlobalSection
	GlobalSection(ProjectConfigurationPlatforms) = postSolution
		{6E0DCF2D-524A-42EE-949E-D01279842E38}.Debug|Any CPU.ActiveCfg = Debug|Any CPU
		{6E0DCF2D-524A-42EE-949E-D01279842E38}.Debug|Any CPU.Build.0 = Debug|Any CPU
		{6E0DCF2D-524A-42EE-949E-D01279842E38}.Release|Any CPU.ActiveCfg = Release|Any CPU
		{6E0DCF2D-524A-42EE-949E-D01279842E38}.Release|Any CPU.Build.0 = Release|Any CPU
		{44C9E22A-5FE7-48B7-922E-D2E841352429}.Debug|Any CPU.ActiveCfg = Debug|Any CPU
		{44C9E22A-5FE7-48B7-922E-D2E841352429}.Debug|Any CPU.Build.0 = Debug|Any CPU
		{44C9E22A-5FE7-48B7-922E-D2E841352429}.Release|Any CPU.ActiveCfg = Release|Any CPU
		{44C9E22A-5FE7-48B7-922E-D2E841352429}.Release|Any CPU.Build.0 = Release|Any CPU
	EndGlobalSection
	GlobalSection(SolutionProperties) = preSolution
		HideSolutionNode = FALSE
	EndGlobalSection
	GlobalSection(ExtensibilityGlobals) = postSolution
		SolutionGuid = {0728BBF7-662F-488A-B586-E7740828AEA4}
	EndGlobalSection
EndGlobal
